{
  "name": "ewasm",
  "version": "0.1.0",
  "lockfileVersion": 1,
  "requires": true,
  "dependencies": {
    "@protobufjs/utf8": {
      "version": "1.1.0",
      "resolved": "https://registry.npmjs.org/@protobufjs/utf8/-/utf8-1.1.0.tgz",
      "integrity": "sha1-p3c2C1s5oaLlEG+OhY8v0tBgxXA="
    },
    "assemblyscript": {
      "version": "github:AssemblyScript/assemblyscript#34e8facfdc6eaf76f65a14a25e3813ec257291a5",
      "from": "github:AssemblyScript/assemblyscript",
      "requires": {
        "@protobufjs/utf8": "^1.1.0",
        "binaryen": "48.0.0-nightly.20180712",
        "long": "^4.0.0"
      }
    },
    "binaryen": {
      "version": "48.0.0-nightly.20180712",
      "resolved": "https://registry.npmjs.org/binaryen/-/binaryen-48.0.0-nightly.20180712.tgz",
      "integrity": "sha512-E3DR6Pi2iTSqF4E93fFZrLhv0gZpSIr8MDS9R4P2Lm+/n3CGfkQvYGN20GmFwbOYNLKU68UWOXYdqRFTAkNrTA=="
    },
    "js-sha3": {
      "version": "0.7.0",
      "resolved": "https://registry.npmjs.org/js-sha3/-/js-sha3-0.7.0.tgz",
      "integrity": "sha512-Wpks3yBDm0UcL5qlVhwW9Jr9n9i4FfeWBFOOXP5puDS/SiudJGhw7DPyBqn3487qD4F0lsC0q3zxink37f7zeA=="
    },
    "long": {
      "version": "4.0.0",
      "resolved": "https://registry.npmjs.org/long/-/long-4.0.0.tgz",
      "integrity": "sha512-XsP+KhQif4bjX1kbuSiySJFNAehNxgLb6hPRGJ9QsUr8ajHkuXGdrHmFUTUUXhDwVX2R5bY4JNZEwbUiMhV+MA=="
    }
  }
}
